// !$*UTF8*$!
{
	archiveVersion = 1;
	classes = {
	};
	objectVersion = 55;
	objects = {

/* Begin PBXBuildFile section */
		BDAA082A2892E3B200E93F76 /* AppDelegate.swift in Sources */ = {isa = PBXBuildFile; fileRef = BDAA08292892E3B200E93F76 /* AppDelegate.swift */; };
		BDAA082C2892E3B200E93F76 /* SceneDelegate.swift in Sources */ = {isa = PBXBuildFile; fileRef = BDAA082B2892E3B200E93F76 /* SceneDelegate.swift */; };
		BDAA082E2892E3B200E93F76 /* ViewController.swift in Sources */ = {isa = PBXBuildFile; fileRef = BDAA082D2892E3B200E93F76 /* ViewController.swift */; };
		BDAA08312892E3B200E93F76 /* Main.storyboard in Resources */ = {isa = PBXBuildFile; fileRef = BDAA082F2892E3B200E93F76 /* Main.storyboard */; };
		BDAA08332892E3B400E93F76 /* Assets.xcassets in Resources */ = {isa = PBXBuildFile; fileRef = BDAA08322892E3B400E93F76 /* Assets.xcassets */; };
		BDAA08362892E3B400E93F76 /* LaunchScreen.storyboard in Resources */ = {isa = PBXBuildFile; fileRef = BDAA08342892E3B400E93F76 /* LaunchScreen.storyboard */; };
		BDAA08412892E3B400E93F76 /* QuestionAppTests.swift in Sources */ = {isa = PBXBuildFile; fileRef = BDAA08402892E3B400E93F76 /* QuestionAppTests.swift */; };
		BDAA084B2892E3B400E93F76 /* QuestionAppUITests.swift in Sources */ = {isa = PBXBuildFile; fileRef = BDAA084A2892E3B400E93F76 /* QuestionAppUITests.swift */; };
		BDAA084D2892E3B400E93F76 /* QuestionAppUITestsLaunchTests.swift in Sources */ = {isa = PBXBuildFile; fileRef = BDAA084C2892E3B400E93F76 /* QuestionAppUITestsLaunchTests.swift */; };
		BDAA844F289306C4004CC2D9 /* SecondViewController.swift in Sources */ = {isa = PBXBuildFile; fileRef = BDAA844E289306C4004CC2D9 /* SecondViewController.swift */; };
		BDAA845128931027004CC2D9 /* ThirdViewController.swift in Sources */ = {isa = PBXBuildFile; fileRef = BDAA845028931027004CC2D9 /* ThirdViewController.swift */; };
		BDAA845328931144004CC2D9 /* FourthViewController.swift in Sources */ = {isa = PBXBuildFile; fileRef = BDAA845228931144004CC2D9 /* FourthViewController.swift */; };
		BDAA8455289311AC004CC2D9 /* FifthViewController.swift in Sources */ = {isa = PBXBuildFile; fileRef = BDAA8454289311AC004CC2D9 /* FifthViewController.swift */; };
		BDAA8457289315E5004CC2D9 /* GlobalVariables.swift in Sources */ = {isa = PBXBuildFile; fileRef = BDAA8456289315E4004CC2D9 /* GlobalVariables.swift */; };
/* End PBXBuildFile section */

/* Begin PBXContainerItemProxy section */
		BDAA083D2892E3B400E93F76 /* PBXContainerItemProxy */ = {
			isa = PBXContainerItemProxy;
			containerPortal = BDAA081E2892E3B200E93F76 /* Project object */;
			proxyType = 1;
			remoteGlobalIDString = BDAA08252892E3B200E93F76;
			remoteInfo = QuestionApp;
		};
		BDAA08472892E3B400E93F76 /* PBXContainerItemProxy */ = {
			isa = PBXContainerItemProxy;
			containerPortal = BDAA081E2892E3B200E93F76 /* Project object */;
			proxyType = 1;
			remoteGlobalIDString = BDAA08252892E3B200E93F76;
			remoteInfo = QuestionApp;
		};
/* End PBXContainerItemProxy section */

/* Begin PBXFileReference section */
		BDAA08262892E3B200E93F76 /* QuestionApp.app */ = {isa = PBXFileReference; explicitFileType = wrapper.application; includeInIndex = 0; path = QuestionApp.app; sourceTree = BUILT_PRODUCTS_DIR; };
		BDAA08292892E3B200E93F76 /* AppDelegate.swift */ = {isa = PBXFileReference; lastKnownFileType = sourcecode.swift; path = AppDelegate.swift; sourceTree = "<group>"; };
		BDAA082B2892E3B200E93F76 /* SceneDelegate.swift */ = {isa = PBXFileReference; lastKnownFileType = sourcecode.swift; path = SceneDelegate.swift; sourceTree = "<group>"; };
		BDAA082D2892E3B200E93F76 /* ViewController.swift */ = {isa = PBXFileReference; lastKnownFileType = sourcecode.swift; path = ViewController.swift; sourceTree = "<group>"; };
		BDAA08302892E3B200E93F76 /* Base */ = {isa = PBXFileReference; lastKnownFileType = file.storyboard; name = Base; path = Base.lproj/Main.storyboard; sourceTree = "<group>"; };
		BDAA08322892E3B400E93F76 /* Assets.xcassets */ = {isa = PBXFileReference; lastKnownFileType = folder.assetcatalog; path = Assets.xcassets; sourceTree = "<group>"; };
		BDAA08352892E3B400E93F76 /* Base */ = {isa = PBXFileReference; lastKnownFileType = file.storyboard; name = Base; path = Base.lproj/LaunchScreen.storyboard; sourceTree = "<group>"; };
		BDAA08372892E3B400E93F76 /* Info.plist */ = {isa = PBXFileReference; lastKnownFileType = text.plist.xml; path = Info.plist; sourceTree = "<group>"; };
		BDAA083C2892E3B400E93F76 /* QuestionAppTests.xctest */ = {isa = PBXFileReference; explicitFileType = wrapper.cfbundle; includeInIndex = 0; path = QuestionAppTests.xctest; sourceTree = BUILT_PRODUCTS_DIR; };
		BDAA08402892E3B400E93F76 /* QuestionAppTests.swift */ = {isa = PBXFileReference; lastKnownFileType = sourcecode.swift; path = QuestionAppTests.swift; sourceTree = "<group>"; };
		BDAA08462892E3B400E93F76 /* QuestionAppUITests.xctest */ = {isa = PBXFileReference; explicitFileType = wrapper.cfbundle; includeInIndex = 0; path = QuestionAppUITests.xctest; sourceTree = BUILT_PRODUCTS_DIR; };
		BDAA084A2892E3B400E93F76 /* QuestionAppUITests.swift */ = {isa = PBXFileReference; lastKnownFileType = sourcecode.swift; path = QuestionAppUITests.swift; sourceTree = "<group>"; };
		BDAA084C2892E3B400E93F76 /* QuestionAppUITestsLaunchTests.swift */ = {isa = PBXFileReference; lastKnownFileType = sourcecode.swift; path = QuestionAppUITestsLaunchTests.swift; sourceTree = "<group>"; };
		BDAA844E289306C4004CC2D9 /* SecondViewController.swift */ = {isa = PBXFileReference; lastKnownFileType = sourcecode.swift; path = SecondViewController.swift; sourceTree = "<group>"; };
		BDAA845028931027004CC2D9 /* ThirdViewController.swift */ = {isa = PBXFileReference; lastKnownFileType = sourcecode.swift; path = ThirdViewController.swift; sourceTree = "<group>"; };
		BDAA845228931144004CC2D9 /* FourthViewController.swift */ = {isa = PBXFileReference; lastKnownFileType = sourcecode.swift; path = FourthViewController.swift; sourceTree = "<group>"; };
		BDAA8454289311AC004CC2D9 /* FifthViewController.swift */ = {isa = PBXFileReference; lastKnownFileType = sourcecode.swift; path = FifthViewController.swift; sourceTree = "<group>"; };
		BDAA8456289315E4004CC2D9 /* GlobalVariables.swift */ = {isa = PBXFileReference; lastKnownFileType = sourcecode.swift; path = GlobalVariables.swift; sourceTree = "<group>"; };
/* End PBXFileReference section */

/* Begin PBXFrameworksBuildPhase section */
		BDAA08232892E3B200E93F76 /* Frameworks */ = {
			isa = PBXFrameworksBuildPhase;
			buildActionMask = 2147483647;
			files = (
			);
			runOnlyForDeploymentPostprocessing = 0;
		};
		BDAA08392892E3B400E93F76 /* Frameworks */ = {
			isa = PBXFrameworksBuildPhase;
			buildActionMask = 2147483647;
			files = (
			);
			runOnlyForDeploymentPostprocessing = 0;
		};
		BDAA08432892E3B400E93F76 /* Frameworks */ = {
			isa = PBXFrameworksBuildPhase;
			buildActionMask = 2147483647;
			files = (
			);
			runOnlyForDeploymentPostprocessing = 0;
		};
/* End PBXFrameworksBuildPhase section */

/* Begin PBXGroup section */
		BDAA081D2892E3B200E93F76 = {
			isa = PBXGroup;
			children = (
				BDAA8456289315E4004CC2D9 /* GlobalVariables.swift */,
				BDAA08282892E3B200E93F76 /* QuestionApp */,
				BDAA083F2892E3B400E93F76 /* QuestionAppTests */,
				BDAA08492892E3B400E93F76 /* QuestionAppUITests */,
				BDAA08272892E3B200E93F76 /* Products */,
			);
			sourceTree = "<group>";
		};
		BDAA08272892E3B200E93F76 /* Products */ = {
			isa = PBXGroup;
			children = (
				BDAA08262892E3B200E93F76 /* QuestionApp.app */,
				BDAA083C2892E3B400E93F76 /* QuestionAppTests.xctest */,
				BDAA08462892E3B400E93F76 /* QuestionAppUITests.xctest */,
			);
			name = Products;
			sourceTree = "<group>";
		};
		BDAA08282892E3B200E93F76 /* QuestionApp */ = {
			isa = PBXGroup;
			children = (
				BDAA08292892E3B200E93F76 /* AppDelegate.swift */,
				BDAA082B2892E3B200E93F76 /* SceneDelegate.swift */,
				BDAA082D2892E3B200E93F76 /* ViewController.swift */,
				BDAA844E289306C4004CC2D9 /* SecondViewController.swift */,
				BDAA845028931027004CC2D9 /* ThirdViewController.swift */,
				BDAA845228931144004CC2D9 /* FourthViewController.swift */,
				BDAA8454289311AC004CC2D9 /* FifthViewController.swift */,
				BDAA082F2892E3B200E93F76 /* Main.storyboard */,
				BDAA08322892E3B400E93F76 /* Assets.xcassets */,
				BDAA08342892E3B400E93F76 /* LaunchScreen.storyboard */,
				BDAA08372892E3B400E93F76 /* Info.plist */,
			);
			path = QuestionApp;
			sourceTree = "<group>";
		};
		BDAA083F2892E3B400E93F76 /* QuestionAppTests */ = {
			isa = PBXGroup;
			children = (
				BDAA08402892E3B400E93F76 /* QuestionAppTests.swift */,
			);
			path = QuestionAppTests;
			sourceTree = "<group>";
		};
		BDAA08492892E3B400E93F76 /* QuestionAppUITests */ = {
			isa = PBXGroup;
			children = (
				BDAA084A2892E3B400E93F76 /* QuestionAppUITests.swift */,
				BDAA084C2892E3B400E93F76 /* QuestionAppUITestsLaunchTests.swift */,
			);
			path = QuestionAppUITests;
			sourceTree = "<group>";
		};
/* End PBXGroup section */

/* Begin PBXNativeTarget section */
		BDAA08252892E3B200E93F76 /* QuestionApp */ = {
			isa = PBXNativeTarget;
			buildConfigurationList = BDAA08502892E3B400E93F76 /* Build configuration list for PBXNativeTarget "QuestionApp" */;
			buildPhases = (
				BDAA08222892E3B200E93F76 /* Sources */,
				BDAA08232892E3B200E93F76 /* Frameworks */,
				BDAA08242892E3B200E93F76 /* Resources */,
			);
			buildRules = (
			);
			dependencies = (
			);
			name = QuestionApp;
			productName = QuestionApp;
			productReference = BDAA08262892E3B200E93F76 /* QuestionApp.app */;
			productType = "com.apple.product-type.application";
		};
		BDAA083B2892E3B400E93F76 /* QuestionAppTests */ = {
			isa = PBXNativeTarget;
			buildConfigurationList = BDAA08532892E3B400E93F76 /* Build configuration list for PBXNativeTarget "QuestionAppTests" */;
			buildPhases = (
				BDAA08382892E3B400E93F76 /* Sources */,
				BDAA08392892E3B400E93F76 /* Frameworks */,
				BDAA083A2892E3B400E93F76 /* Resources */,
			);
			buildRules = (
			);
			dependencies = (
				BDAA083E2892E3B400E93F76 /* PBXTargetDependency */,
			);
			name = QuestionAppTests;
			productName = QuestionAppTests;
			productReference = BDAA083C2892E3B400E93F76 /* QuestionAppTests.xctest */;
			productType = "com.apple.product-type.bundle.unit-test";
		};
		BDAA08452892E3B400E93F76 /* QuestionAppUITests */ = {
			isa = PBXNativeTarget;
			buildConfigurationList = BDAA08562892E3B400E93F76 /* Build configuration list for PBXNativeTarget "QuestionAppUITests" */;
			buildPhases = (
				BDAA08422892E3B400E93F76 /* Sources */,
				BDAA08432892E3B400E93F76 /* Frameworks */,
				BDAA08442892E3B400E93F76 /* Resources */,
			);
			buildRules = (
			);
			dependencies = (
				BDAA08482892E3B400E93F76 /* PBXTargetDependency */,
			);
			name = QuestionAppUITests;
			productName = QuestionAppUITests;
			productReference = BDAA08462892E3B400E93F76 /* QuestionAppUITests.xctest */;
			productType = "com.apple.product-type.bundle.ui-testing";
		};
/* End PBXNativeTarget section */

/* Begin PBXProject section */
		BDAA081E2892E3B200E93F76 /* Project object */ = {
			isa = PBXProject;
			attributes = {
				BuildIndependentTargetsInParallel = 1;
				LastSwiftUpdateCheck = 1340;
				LastUpgradeCheck = 1340;
				TargetAttributes = {
					BDAA08252892E3B200E93F76 = {
						CreatedOnToolsVersion = 13.4.1;
					};
					BDAA083B2892E3B400E93F76 = {
						CreatedOnToolsVersion = 13.4.1;
						TestTargetID = BDAA08252892E3B200E93F76;
					};
					BDAA08452892E3B400E93F76 = {
						CreatedOnToolsVersion = 13.4.1;
						TestTargetID = BDAA08252892E3B200E93F76;
					};
				};
			};
			buildConfigurationList = BDAA08212892E3B200E93F76 /* Build configuration list for PBXProject "QuestionApp" */;
			compatibilityVersion = "Xcode 13.0";
			developmentRegion = en;
			hasScannedForEncodings = 0;
			knownRegions = (
				en,
				Base,
			);
			mainGroup = BDAA081D2892E3B200E93F76;
			productRefGroup = BDAA08272892E3B200E93F76 /* Products */;
			projectDirPath = "";
			projectRoot = "";
			targets = (
				BDAA08252892E3B200E93F76 /* QuestionApp */,
				BDAA083B2892E3B400E93F76 /* QuestionAppTests */,
				BDAA08452892E3B400E93F76 /* QuestionAppUITests */,
			);
		};
/* End PBXProject section */

/* Begin PBXResourcesBuildPhase section */
		BDAA08242892E3B200E93F76 /* Resources */ = {
			isa = PBXResourcesBuildPhase;
			buildActionMask = 2147483647;
			files = (
				BDAA08362892E3B400E93F76 /* LaunchScreen.storyboard in Resources */,
				BDAA08332892E3B400E93F76 /* Assets.xcassets in Resources */,
				BDAA08312892E3B200E93F76 /* Main.storyboard in Resources */,
			);
			runOnlyForDeploymentPostprocessing = 0;
		};
		BDAA083A2892E3B400E93F76 /* Resources */ = {
			isa = PBXResourcesBuildPhase;
			buildActionMask = 2147483647;
			files = (
			);
			runOnlyForDeploymentPostprocessing = 0;
		};
		BDAA08442892E3B400E93F76 /* Resources */ = {
			isa = PBXResourcesBuildPhase;
			buildActionMask = 2147483647;
			files = (
			);
			runOnlyForDeploymentPostprocessing = 0;
		};
/* End PBXResourcesBuildPhase section */

/* Begin PBXSourcesBuildPhase section */
		BDAA08222892E3B200E93F76 /* Sources */ = {
			isa = PBXSourcesBuildPhase;
			buildActionMask = 2147483647;
			files = (
				BDAA845328931144004CC2D9 /* FourthViewController.swift in Sources */,
				BDAA844F289306C4004CC2D9 /* SecondViewController.swift in Sources */,
				BDAA8457289315E5004CC2D9 /* GlobalVariables.swift in Sources */,
				BDAA082E2892E3B200E93F76 /* ViewController.swift in Sources */,
				BDAA845128931027004CC2D9 /* ThirdViewController.swift in Sources */,
				BDAA082A2892E3B200E93F76 /* AppDelegate.swift in Sources */,
				BDAA082C2892E3B200E93F76 /* SceneDelegate.swift in Sources */,
				BDAA8455289311AC004CC2D9 /* FifthViewController.swift in Sources */,
			);
			runOnlyForDeploymentPostprocessing = 0;
		};
		BDAA08382892E3B400E93F76 /* Sources */ = {
			isa = PBXSourcesBuildPhase;
			buildActionMask = 2147483647;
			files = (
				BDAA08412892E3B400E93F76 /* QuestionAppTests.swift in Sources */,
			);
			runOnlyForDeploymentPostprocessing = 0;
		};
		BDAA08422892E3B400E93F76 /* Sources */ = {
			isa = PBXSourcesBuildPhase;
			buildActionMask = 2147483647;
			files = (
				BDAA084D2892E3B400E93F76 /* QuestionAppUITestsLaunchTests.swift in Sources */,
				BDAA084B2892E3B400E93F76 /* QuestionAppUITests.swift in Sources */,
			);
			runOnlyForDeploymentPostprocessing = 0;
		};
/* End PBXSourcesBuildPhase section */

/* Begin PBXTargetDependency section */
		BDAA083E2892E3B400E93F76 /* PBXTargetDependency */ = {
			isa = PBXTargetDependency;
			target = BDAA08252892E3B200E93F76 /* QuestionApp */;
			targetProxy = BDAA083D2892E3B400E93F76 /* PBXContainerItemProxy */;
		};
		BDAA08482892E3B400E93F76 /* PBXTargetDependency */ = {
			isa = PBXTargetDependency;
			target = BDAA08252892E3B200E93F76 /* QuestionApp */;
			targetProxy = BDAA08472892E3B400E93F76 /* PBXContainerItemProxy */;
		};
/* End PBXTargetDependency section */

/* Begin PBXVariantGroup section */
		BDAA082F2892E3B200E93F76 /* Main.storyboard */ = {
			isa = PBXVariantGroup;
			children = (
				BDAA08302892E3B200E93F76 /* Base */,
			);
			name = Main.storyboard;
			sourceTree = "<group>";
		};
		BDAA08342892E3B400E93F76 /* LaunchScreen.storyboard */ = {
			isa = PBXVariantGroup;
			children = (
				BDAA08352892E3B400E93F76 /* Base */,
			);
			name = LaunchScreen.storyboard;
			sourceTree = "<group>";
		};
/* End PBXVariantGroup section */

/* Begin XCBuildConfiguration section */
		BDAA084E2892E3B400E93F76 /* Debug */ = {
			isa = XCBuildConfiguration;
			buildSettings = {
				ALWAYS_SEARCH_USER_PATHS = NO;
				CLANG_ANALYZER_NONNULL = YES;
				CLANG_ANALYZER_NUMBER_OBJECT_CONVERSION = YES_AGGRESSIVE;
				CLANG_CXX_LANGUAGE_STANDARD = "gnu++17";
				CLANG_ENABLE_MODULES = YES;
				CLANG_ENABLE_OBJC_ARC = YES;
				CLANG_ENABLE_OBJC_WEAK = YES;
				CLANG_WARN_BLOCK_CAPTURE_AUTORELEASING = YES;
				CLANG_WARN_BOOL_CONVERSION = YES;
				CLANG_WARN_COMMA = YES;
				CLANG_WARN_CONSTANT_CONVERSION = YES;
				CLANG_WARN_DEPRECATED_OBJC_IMPLEMENTATIONS = YES;
				CLANG_WARN_DIRECT_OBJC_ISA_USAGE = YES_ERROR;
				CLANG_WARN_DOCUMENTATION_COMMENTS = YES;
				CLANG_WARN_EMPTY_BODY = YES;
				CLANG_WARN_ENUM_CONVERSION = YES;
				CLANG_WARN_INFINITE_RECURSION = YES;
				CLANG_WARN_INT_CONVERSION = YES;
				CLANG_WARN_NON_LITERAL_NULL_CONVERSION = YES;
				CLANG_WARN_OBJC_IMPLICIT_RETAIN_SELF = YES;
				CLANG_WARN_OBJC_LITERAL_CONVERSION = YES;
				CLANG_WARN_OBJC_ROOT_CLASS = YES_ERROR;
				CLANG_WARN_QUOTED_INCLUDE_IN_FRAMEWORK_HEADER = YES;
				CLANG_WARN_RANGE_LOOP_ANALYSIS = YES;
				CLANG_WARN_STRICT_PROTOTYPES = YES;
				CLANG_WARN_SUSPICIOUS_MOVE = YES;
				CLANG_WARN_UNGUARDED_AVAILABILITY = YES_AGGRESSIVE;
				CLANG_WARN_UNREACHABLE_CODE = YES;
				CLANG_WARN__DUPLICATE_METHOD_MATCH = YES;
				COPY_PHASE_STRIP = NO;
				DEBUG_INFORMATION_FORMAT = dwarf;
				ENABLE_STRICT_OBJC_MSGSEND = YES;
				ENABLE_TESTABILITY = YES;
				GCC_C_LANGUAGE_STANDARD = gnu11;
				GCC_DYNAMIC_NO_PIC = NO;
				GCC_NO_COMMON_BLOCKS = YES;
				GCC_OPTIMIZATION_LEVEL = 0;
				GCC_PREPROCESSOR_DEFINITIONS = (
					"DEBUG=1",
					"$(inherited)",
				);
				GCC_WARN_64_TO_32_BIT_CONVERSION = YES;
				GCC_WARN_ABOUT_RETURN_TYPE = YES_ERROR;
				GCC_WARN_UNDECLARED_SELECTOR = YES;
				GCC_WARN_UNINITIALIZED_AUTOS = YES_AGGRESSIVE;
				GCC_WARN_UNUSED_FUNCTION = YES;
				GCC_WARN_UNUSED_VARIABLE = YES;
				IPHONEOS_DEPLOYMENT_TARGET = 15.5;
				MTL_ENABLE_DEBUG_INFO = INCLUDE_SOURCE;
				MTL_FAST_MATH = YES;
				ONLY_ACTIVE_ARCH = YES;
				SDKROOT = iphoneos;
				SWIFT_ACTIVE_COMPILATION_CONDITIONS = DEBUG;
				SWIFT_OPTIMIZATION_LEVEL = "-Onone";
			};
			name = Debug;
		};
		BDAA084F2892E3B400E93F76 /* Release */ = {
			isa = XCBuildConfiguration;
			buildSettings = {
				ALWAYS_SEARCH_USER_PATHS = NO;
				CLANG_ANALYZER_NONNULL = YES;
				CLANG_ANALYZER_NUMBER_OBJECT_CONVERSION = YES_AGGRESSIVE;
				CLANG_CXX_LANGUAGE_STANDARD = "gnu++17";
				CLANG_ENABLE_MODULES = YES;
				CLANG_ENABLE_OBJC_ARC = YES;
				CLANG_ENABLE_OBJC_WEAK = YES;
				CLANG_WARN_BLOCK_CAPTURE_AUTORELEASING = YES;
				CLANG_WARN_BOOL_CONVERSION = YES;
				CLANG_WARN_COMMA = YES;
				CLANG_WARN_CONSTANT_CONVERSION = YES;
				CLANG_WARN_DEPRECATED_OBJC_IMPLEMENTATIONS = YES;
				CLANG_WARN_DIRECT_OBJC_ISA_USAGE = YES_ERROR;
				CLANG_WARN_DOCUMENTATION_COMMENTS = YES;
				CLANG_WARN_EMPTY_BODY = YES;
				CLANG_WARN_ENUM_CONVERSION = YES;
				CLANG_WARN_INFINITE_RECURSION = YES;
				CLANG_WARN_INT_CONVERSION = YES;
				CLANG_WARN_NON_LITERAL_NULL_CONVERSION = YES;
				CLANG_WARN_OBJC_IMPLICIT_RETAIN_SELF = YES;
				CLANG_WARN_OBJC_LITERAL_CONVERSION = YES;
				CLANG_WARN_OBJC_ROOT_CLASS = YES_ERROR;
				CLANG_WARN_QUOTED_INCLUDE_IN_FRAMEWORK_HEADER = YES;
				CLANG_WARN_RANGE_LOOP_ANALYSIS = YES;
				CLANG_WARN_STRICT_PROTOTYPES = YES;
				CLANG_WARN_SUSPICIOUS_MOVE = YES;
				CLANG_WARN_UNGUARDED_AVAILABILITY = YES_AGGRESSIVE;
				CLANG_WARN_UNREACHABLE_CODE = YES;
				CLANG_WARN__DUPLICATE_METHOD_MATCH = YES;
				COPY_PHASE_STRIP = NO;
				DEBUG_INFORMATION_FORMAT = "dwarf-with-dsym";
				ENABLE_NS_ASSERTIONS = NO;
				ENABLE_STRICT_OBJC_MSGSEND = YES;
				GCC_C_LANGUAGE_STANDARD = gnu11;
				GCC_NO_COMMON_BLOCKS = YES;
				GCC_WARN_64_TO_32_BIT_CONVERSION = YES;
				GCC_WARN_ABOUT_RETURN_TYPE = YES_ERROR;
				GCC_WARN_UNDECLARED_SELECTOR = YES;
				GCC_WARN_UNINITIALIZED_AUTOS = YES_AGGRESSIVE;
				GCC_WARN_UNUSED_FUNCTION = YES;
				GCC_WARN_UNUSED_VARIABLE = YES;
				IPHONEOS_DEPLOYMENT_TARGET = 15.5;
				MTL_ENABLE_DEBUG_INFO = NO;
				MTL_FAST_MATH = YES;
				SDKROOT = iphoneos;
				SWIFT_COMPILATION_MODE = wholemodule;
				SWIFT_OPTIMIZATION_LEVEL = "-O";
				VALIDATE_PRODUCT = YES;
			};
			name = Release;
		};
		BDAA08512892E3B400E93F76 /* Debug */ = {
			isa = XCBuildConfiguration;
			buildSettings = {
				ASSETCATALOG_COMPILER_APPICON_NAME = AppIcon;
				ASSETCATALOG_COMPILER_GLOBAL_ACCENT_COLOR_NAME = AccentColor;
				CODE_SIGN_STYLE = Automatic;
				CURRENT_PROJECT_VERSION = 1;
				GENERATE_INFOPLIST_FILE = YES;
				INFOPLIST_FILE = QuestionApp/Info.plist;
				INFOPLIST_KEY_UIApplicationSupportsIndirectInputEvents = YES;
				INFOPLIST_KEY_UILaunchStoryboardName = LaunchScreen;
				INFOPLIST_KEY_UIMainStoryboardFile = Main;
				INFOPLIST_KEY_UISupportedInterfaceOrientations_iPad = "UIInterfaceOrientationPortrait UIInterfaceOrientationPortraitUpsideDown UIInterfaceOrientationLandscapeLeft UIInterfaceOrientationLandscapeRight";
				INFOPLIST_KEY_UISupportedInterfaceOrientations_iPhone = "UIInterfaceOrientationPortrait UIInterfaceOrientationLandscapeLeft UIInterfaceOrientationLandscapeRight";
				LD_RUNPATH_SEARCH_PATHS = (
					"$(inherited)",
					"@executable_path/Frameworks",
				);
				MARKETING_VERSION = 1.0;
				PRODUCT_BUNDLE_IDENTIFIER = KWK.QuestionApp;
				PRODUCT_NAME = "$(TARGET_NAME)";
				SWIFT_EMIT_LOC_STRINGS = YES;
				SWIFT_VERSION = 5.0;
				TARGETED_DEVICE_FAMILY = "1,2";
			};
			name = Debug;
		};
		BDAA08522892E3B400E93F76 /* Release */ = {
			isa = XCBuildConfiguration;
			buildSettings = {
				ASSETCATALOG_COMPILER_APPICON_NAME = AppIcon;
				ASSETCATALOG_COMPILER_GLOBAL_ACCENT_COLOR_NAME = AccentColor;
				CODE_SIGN_STYLE = Automatic;
				CURRENT_PROJECT_VERSION = 1;
				GENERATE_INFOPLIST_FILE = YES;
				INFOPLIST_FILE = QuestionApp/Info.plist;
				INFOPLIST_KEY_UIApplicationSupportsIndirectInputEvents = YES;
				INFOPLIST_KEY_UILaunchStoryboardName = LaunchScreen;
				INFOPLIST_KEY_UIMainStoryboardFile = Main;
				INFOPLIST_KEY_UISupportedInterfaceOrientations_iPad = "UIInterfaceOrientationPortrait UIInterfaceOrientationPortraitUpsideDown UIInterfaceOrientationLandscapeLeft UIInterfaceOrientationLandscapeRight";
				INFOPLIST_KEY_UISupportedInterfaceOrientations_iPhone = "UIInterfaceOrientationPortrait UIInterfaceOrientationLandscapeLeft UIInterfaceOrientationLandscapeRight";
				LD_RUNPATH_SEARCH_PATHS = (
					"$(inherited)",
					"@executable_path/Frameworks",
				);
				MARKETING_VERSION = 1.0;
				PRODUCT_BUNDLE_IDENTIFIER = KWK.QuestionApp;
				PRODUCT_NAME = "$(TARGET_NAME)";
				SWIFT_EMIT_LOC_STRINGS = YES;
				SWIFT_VERSION = 5.0;
				TARGETED_DEVICE_FAMILY = "1,2";
			};
			name = Release;
		};
		BDAA08542892E3B400E93F76 /* Debug */ = {
			isa = XCBuildConfiguration;
			buildSettings = {
				ALWAYS_EMBED_SWIFT_STANDARD_LIBRARIES = YES;
				BUNDLE_LOADER = "$(TEST_HOST)";
				CODE_SIGN_STYLE = Automatic;
				CURRENT_PROJECT_VERSION = 1;
				GENERATE_INFOPLIST_FILE = YES;
				IPHONEOS_DEPLOYMENT_TARGET = 15.5;
				MARKETING_VERSION = 1.0;
				PRODUCT_BUNDLE_IDENTIFIER = KWK.QuestionAppTests;
				PRODUCT_NAME = "$(TARGET_NAME)";
				SWIFT_EMIT_LOC_STRINGS = NO;
				SWIFT_VERSION = 5.0;
				TARGETED_DEVICE_FAMILY = "1,2";
				TEST_HOST = "$(BUILT_PRODUCTS_DIR)/QuestionApp.app/QuestionApp";
			};
			name = Debug;
		};
		BDAA08552892E3B400E93F76 /* Release */ = {
			isa = XCBuildConfiguration;
			buildSettings = {
				ALWAYS_EMBED_SWIFT_STANDARD_LIBRARIES = YES;
				BUNDLE_LOADER = "$(TEST_HOST)";
				CODE_SIGN_STYLE = Automatic;
				CURRENT_PROJECT_VERSION = 1;
				GENERATE_INFOPLIST_FILE = YES;
				IPHONEOS_DEPLOYMENT_TARGET = 15.5;
				MARKETING_VERSION = 1.0;
				PRODUCT_BUNDLE_IDENTIFIER = KWK.QuestionAppTests;
				PRODUCT_NAME = "$(TARGET_NAME)";
				SWIFT_EMIT_LOC_STRINGS = NO;
				SWIFT_VERSION = 5.0;
				TARGETED_DEVICE_FAMILY = "1,2";
				TEST_HOST = "$(BUILT_PRODUCTS_DIR)/QuestionApp.app/QuestionApp";
			};
			name = Release;
		};
		BDAA08572892E3B400E93F76 /* Debug */ = {
			isa = XCBuildConfiguration;
			buildSettings = {
				ALWAYS_EMBED_SWIFT_STANDARD_LIBRARIES = YES;
				CODE_SIGN_STYLE = Automatic;
				CURRENT_PROJECT_VERSION = 1;
				GENERATE_INFOPLIST_FILE = YES;
				MARKETING_VERSION = 1.0;
				PRODUCT_BUNDLE_IDENTIFIER = KWK.QuestionAppUITests;
				PRODUCT_NAME = "$(TARGET_NAME)";
				SWIFT_EMIT_LOC_STRINGS = NO;
				SWIFT_VERSION = 5.0;
				TARGETED_DEVICE_FAMILY = "1,2";
				TEST_TARGET_NAME = QuestionApp;
			};
			name = Debug;
		};
		BDAA08582892E3B400E93F76 /* Release */ = {
			isa = XCBuildConfiguration;
			buildSettings = {
				ALWAYS_EMBED_SWIFT_STANDARD_LIBRARIES = YES;
				CODE_SIGN_STYLE = Automatic;
				CURRENT_PROJECT_VERSION = 1;
				GENERATE_INFOPLIST_FILE = YES;
				MARKETING_VERSION = 1.0;
				PRODUCT_BUNDLE_IDENTIFIER = KWK.QuestionAppUITests;
				PRODUCT_NAME = "$(TARGET_NAME)";
				SWIFT_EMIT_LOC_STRINGS = NO;
				SWIFT_VERSION = 5.0;
				TARGETED_DEVICE_FAMILY = "1,2";
				TEST_TARGET_NAME = QuestionApp;
			};
			name = Release;
		};
/* End XCBuildConfiguration section */

/* Begin XCConfigurationList section */
		BDAA08212892E3B200E93F76 /* Build configuration list for PBXProject "QuestionApp" */ = {
			isa = XCConfigurationList;
			buildConfigurations = (
				BDAA084E2892E3B400E93F76 /* Debug */,
				BDAA084F2892E3B400E93F76 /* Release */,
			);
			defaultConfigurationIsVisible = 0;
			defaultConfigurationName = Release;
		};
		BDAA08502892E3B400E93F76 /* Build configuration list for PBXNativeTarget "QuestionApp" */ = {
			isa = XCConfigurationList;
			buildConfigurations = (
				BDAA08512892E3B400E93F76 /* Debug */,
				BDAA08522892E3B400E93F76 /* Release */,
			);
			defaultConfigurationIsVisible = 0;
			defaultConfigurationName = Release;
		};
		BDAA08532892E3B400E93F76 /* Build configuration list for PBXNativeTarget "QuestionAppTests" */ = {
			isa = XCConfigurationList;
			buildConfigurations = (
				BDAA08542892E3B400E93F76 /* Debug */,
				BDAA08552892E3B400E93F76 /* Release */,
			);
			defaultConfigurationIsVisible = 0;
			defaultConfigurationName = Release;
		};
		BDAA08562892E3B400E93F76 /* Build configuration list for PBXNativeTarget "QuestionAppUITests" */ = {
			isa = XCConfigurationList;
			buildConfigurations = (
				BDAA08572892E3B400E93F76 /* Debug */,
				BDAA08582892E3B400E93F76 /* Release */,
			);
			defaultConfigurationIsVisible = 0;
			defaultConfigurationName = Release;
		};
/* End XCConfigurationList section */
	};
	rootObject = BDAA081E2892E3B200E93F76 /* Project object */;
}
